
Microsoft Visual Studio Solution File, Format Version 12.00
# Visual Studio 15
VisualStudioVersion = 15.0.28307.757
MinimumVisualStudioVersion = 10.0.40219.1
Project("{8BC9CEB8-8B4A-11D0-8D11-00A0C91BC942}") = "MusicPlayer", "MusicPlayer\MusicPlayer.vcxproj", "{DF737EFD-764E-4ABD-82C5-45EE160B6C39}"
EndProject
Global
	GlobalSection(SolutionConfigurationPlatforms) = preSolution
		Debug|x64 = Debug|x64
		Debug|x86 = Debug|x86
		Release|x64 = Release|x64
		Release|x86 = Release|x86
	EndGlobalSection
	GlobalSection(ProjectConfigurationPlatforms) = postSolution
		{DF737EFD-764E-4ABD-82C5-45EE160B6C39}.Debug|x64.ActiveCfg = Debug|x64
		{DF737EFD-764E-4ABD-82C5-45EE160B6C39}.Debug|x64.Build.0 = Debug|x64
		{DF737EFD-764E-4ABD-82C5-45EE160B6C39}.Debug|x86.ActiveCfg = Debug|Win32
		{DF737EFD-764E-4ABD-82C5-45EE160B6C39}.Debug|x86.Build.0 = Debug|Win32
		{DF737EFD-764E-4ABD-82C5-45EE160B6C39}.Release|x64.ActiveCfg = Release|x64
		{DF737EFD-764E-4ABD-82C5-45EE160B6C39}.Release|x64.Build.0 = Release|x64
		{DF737EFD-764E-4ABD-82C5-45EE160B6C39}.Release|x86.ActiveCfg = Release|Win32
		{DF737EFD-764E-4ABD-82C5-45EE160B6C39}.Release|x86.Build.0 = Release|Win32
	EndGlobalSection
	GlobalSection(SolutionProperties) = preSolution
		HideSolutionNode = FALSE
	EndGlobalSection
	GlobalSection(ExtensibilityGlobals) = postSolution
		SolutionGuid = {290D9E8C-4940-45AF-80DC-D477AC2B9F96}
	EndGlobalSection
EndGlobal
